
Microsoft Visual Studio Solution File, Format Version 12.00
# Visual Studio Version 16
VisualStudioVersion = 16.0.31410.357
MinimumVisualStudioVersion = 10.0.40219.1
Project("{9A19103F-16F7-4668-BE54-9A1E7A4F7556}") = "BancoApi", "BancoApi\BancoApi.csproj", "{4F2873D3-E7A1-4F5C-BE69-ECD8D9503851}"
EndProject
Project("{FAE04EC0-301F-11D3-BF4B-00C04F79EFBC}") = "Domínio", "Domínio\Domínio.csproj", "{37EE8B57-2CAA-4E71-8DFD-F55D2A71EEF0}"
EndProject
Project("{FAE04EC0-301F-11D3-BF4B-00C04F79EFBC}") = "Repositorio", "Repositorio\Repositorio.csproj", "{758E294B-E06D-4967-9EF2-060BC310CD65}"
EndProject
Global
	GlobalSection(SolutionConfigurationPlatforms) = preSolution
		Debug|Any CPU = Debug|Any CPU
		Release|Any CPU = Release|Any CPU
	EndGlobalSection
	GlobalSection(ProjectConfigurationPlatforms) = postSolution
		{4F2873D3-E7A1-4F5C-BE69-ECD8D9503851}.Debug|Any CPU.ActiveCfg = Debug|Any CPU
		{4F2873D3-E7A1-4F5C-BE69-ECD8D9503851}.Debug|Any CPU.Build.0 = Debug|Any CPU
		{4F2873D3-E7A1-4F5C-BE69-ECD8D9503851}.Release|Any CPU.ActiveCfg = Release|Any CPU
		{4F2873D3-E7A1-4F5C-BE69-ECD8D9503851}.Release|Any CPU.Build.0 = Release|Any CPU
		{37EE8B57-2CAA-4E71-8DFD-F55D2A71EEF0}.Debug|Any CPU.ActiveCfg = Debug|Any CPU
		{37EE8B57-2CAA-4E71-8DFD-F55D2A71EEF0}.Debug|Any CPU.Build.0 = Debug|Any CPU
		{37EE8B57-2CAA-4E71-8DFD-F55D2A71EEF0}.Release|Any CPU.ActiveCfg = Release|Any CPU
		{37EE8B57-2CAA-4E71-8DFD-F55D2A71EEF0}.Release|Any CPU.Build.0 = Release|Any CPU
		{758E294B-E06D-4967-9EF2-060BC310CD65}.Debug|Any CPU.ActiveCfg = Debug|Any CPU
		{758E294B-E06D-4967-9EF2-060BC310CD65}.Debug|Any CPU.Build.0 = Debug|Any CPU
		{758E294B-E06D-4967-9EF2-060BC310CD65}.Release|Any CPU.ActiveCfg = Release|Any CPU
		{758E294B-E06D-4967-9EF2-060BC310CD65}.Release|Any CPU.Build.0 = Release|Any CPU
	EndGlobalSection
	GlobalSection(SolutionProperties) = preSolution
		HideSolutionNode = FALSE
	EndGlobalSection
	GlobalSection(ExtensibilityGlobals) = postSolution
		SolutionGuid = {8D43203B-D8F5-4F2B-8C78-C71D38B9908C}
	EndGlobalSection
EndGlobal
